github.com/Kunde21/markdownfmt v0.0.0-20180219063335-2175e55a6dfe h1:O09TQppm/FLC3owXROniMe6ndx7v07D4yvfKWCvKnwY=
github.com/Kunde21/markdownfmt v0.0.0-20180219063335-2175e55a6dfe/go.mod h1:m3Z6/1D9nRcYRmFeKpZH4AzyBHtkZWK1Db8iuI7/EK4=
github.com/bmatcuk/doublestar v1.0.9 h1:86wDfuVmsZmpsBxksM200+V16Fdpam1tVRpnibTy19I=
github.com/bmatcuk/doublestar v1.0.9/go.mod h1:UD6OnuiIn0yFxxA2le/rnRU1G4RaI4UvFv1sNto9p6w=
github.com/bmatcuk/doublestar v1.0.10 h1:4MY/5DDz5TN7tFEc1S17/iBpfv4Qb87QFhjeDwILDEw=
github.com/bmatcuk/doublestar v1.0.10/go.mod h1:UD6OnuiIn0yFxxA2le/rnRU1G4RaI4UvFv1sNto9p6w=
github.com/fsnotify/fsnotify v1.4.7 h1:IXs+QLmnXW2CcXuY+8Mzv/fWEsPGWxqefPtCP5CnV9I=
github.com/fsnotify/fsnotify v1.4.7/go.mod h1:jwhsz4b93w/PPRr/qN1Yymfu8t87LnFCMoQvtojpjFo=
github.com/hashicorp/hcl v0.0.0-20171017181929-23c074d0eceb h1:1OvvPvZkn/yCQ3xBcM8y4020wdkMXPHLB4+NfoGWh4U=
github.com/hashicorp/hcl v0.0.0-20171017181929-23c074d0eceb/go.mod h1:oZtUIOe8dh44I2q6ScRibXws4Ajl+d+nod3AaR9vL5w=
github.com/inconshreveable/mousetrap v1.0.0 h1:Z8tu5sraLXCXIcARxBp/8cbvlwVa7Z1NHg9XEKhtSvM=
github.com/inconshreveable/mousetrap v1.0.0/go.mod h1:PxqpIevigyE2G7u3NXJIT2ANytuPF1OarO4DADm73n8=
github.com/magiconair/properties v1.7.6 h1:U+1DqNen04MdEPgFiIwdOUiqZ8qPa37xgogX/sd3+54=
github.com/magiconair/properties v1.7.6/go.mod h1:PppfXfuXeibc/6YijjN8zIbojt8czPbwD3XqdrwzmxQ=
github.com/mattn/go-runewidth v0.0.2 h1:UnlwIPBGaTZfPQ6T1IGzPI0EkYAQmT9fAEJ/poFC63o=
github.com/mattn/go-runewidth v0.0.2/go.mod h1:LwmH8dsx7+W8Uxz3IHJYH5QSwggIsqBzpuz5H//U1FU=
github.com/mitchellh/go-homedir v0.0.0-20161203194507-b8bc1bf76747 h1:eQox4Rh4ewJF+mqYPxCkmBAirRnPaHEB26UkNuPyjlk=
github.com/mitchellh/go-homedir v0.0.0-20161203194507-b8bc1bf76747/go.mod h1:SfyaCUpYCn1Vlf4IUYiD9fPX4A5wJrkLzIz1N1q0pr0=
github.com/mitchellh/mapstructure v0.0.0-20180203102830-a4e142e9c047 h1:zCoDWFD5nrJJVjbXiDZcVhOBSzKn3o9LgRLLMRNuru8=
github.com/mitchellh/mapstructure v0.0.0-20180203102830-a4e142e9c047/go.mod h1:FVVH3fgwuzCH5S8UJGiWEs2h04kUh9fWfEaFds41c1Y=
github.com/pelletier/go-toml v1.1.0 h1:cmiOvKzEunMsAxyhXSzpL5Q1CRKpVv0KQsnAIcSEVYM=
github.com/pelletier/go-toml v1.1.0/go.mod h1:5z9KED0ma1S8pY6P1sdut58dfprrGBbd/94hg7ilaic=
github.com/pkg/errors v0.8.0 h1:WdK/asTD0HN+q6hsWO3/vpuAkAr+tw6aNJNDFFf0+qw=
github.com/pkg/errors v0.8.0/go.mod h1:bwawxfHBFNV+L2hUp1rHADufV3IMtnDRdf1r5NINEl0=
github.com/shurcooL/go v0.0.0-20171108033853-004faa6b0118 h1:ygJUdybU9Z/Z7vMcMUL3wyXpYKlXvh8rGElC04RpJqw=
github.com/shurcooL/go v0.0.0-20171108033853-004faa6b0118/go.mod h1:TDJrrUr11Vxrven61rcy3hJMUqaf/CLWYhHNPmT14Lk=
github.com/shurcooL/sanitized_anchor_name v0.0.0-20170918181015-86672fcb3f95 h1:/vdW8Cb7EXrkqWGufVMES1OH2sU9gKVb2n9/1y5NMBY=
github.com/shurcooL/sanitized_anchor_name v0.0.0-20170918181015-86672fcb3f95/go.mod h1:1NzhyTcUVG4SuEtjjoZeVRXNmyL/1OwPU0+IJeTBvfc=
github.com/spf13/afero v1.0.2 h1:5bRmqmInNmNFkI9NG9O0Xc/Lgl9wOWWUUA/O8XZqTCo=
github.com/spf13/afero v1.0.2/go.mod h1:j4pytiNVoe2o6bmDsKpLACNPDBIoEAkihy7loJ1B0CQ=
github.com/spf13/cast v1.2.0 h1:HHl1DSRbEQN2i8tJmtS6ViPyHx35+p51amrdsiTCrkg=
github.com/spf13/cast v1.2.0/go.mod h1:r2rcYCSwa1IExKTDiTfzaxqT2FNHs8hODu4LnUfgKEg=
github.com/spf13/cobra v0.0.1 h1:zZh3X5aZbdnoj+4XkaBxKfhO4ot82icYdhhREIAXIj8=
github.com/spf13/cobra v0.0.1/go.mod h1:1l0Ry5zgKvJasoi3XT1TypsSe7PqH0Sj9dhYf7v3XqQ=
github.com/spf13/jwalterweatherman v0.0.0-20180109140146-7c0cea34c8ec h1:2ZXvIUGghLpdTVHR1UfvfrzoVlZaE/yOWC5LueIHZig=
github.com/spf13/jwalterweatherman v0.0.0-20180109140146-7c0cea34c8ec/go.mod h1:cQK4TGJAtQXfYWX+Ddv3mKDzgVb68N+wFjFa4jdeBTo=
github.com/spf13/pflag v1.0.0 h1:oaPbdDe/x0UncahuwiPxW1GYJyilRAdsPnq3e1yaPcI=
github.com/spf13/pflag v1.0.0/go.mod h1:DYY7MBk1bdzusC3SYhjObp+wFpr4gzcvqqNjLnInEg4=
github.com/spf13/viper v1.0.0 h1:RUA/ghS2i64rlnn4ydTfblY8Og8QzcPtCcHvgMn+w/I=
github.com/spf13/viper v1.0.0/go.mod h1:A8kyI5cUJhb8N+3pkfONlcEcZbueH6nhAm0Fq7SrnBM=
golang.org/x/sys v0.0.0-20180202135801-37707fdb30a5 h1:MF92a0wJ3gzSUVBpjcwdrDr5+klMFRNEEu6Mev4n00I=
golang.org/x/sys v0.0.0-20180202135801-37707fdb30a5/go.mod h1:STP8DvDyc/dI5b8T5hshtkjS+E42TnysNCUPdjciGhY=
golang.org/x/text v0.0.0-20180208041248-4e4a3210bb54 h1:a5WocgxWTnjG0C4hZblDx+yonFbQMMbv8yJGhHMz/nY=
golang.org/x/text v0.0.0-20180208041248-4e4a3210bb54/go.mod h1:NqM8EUOU14njkJ3fqMW+pc6Ldnwhi/IjpwHt7yyuwOQ=
gopkg.in/russross/blackfriday.v2 v2.0.0 h1:+FlnIV8DSQnT7NZ43hcVKcdJdzZoeCmJj4Ql8gq5keA=
gopkg.in/russross/blackfriday.v2 v2.0.0/go.mod h1:6sSBNz/GtOm/pJTuh5UmBK2ZHfmnxGbl2NZg1UliSOI=
gopkg.in/yaml.v2 v2.0.0 h1:uUkhRGrsEyx/laRdeS6YIQKIys8pg+lRSRdVMTYjivs=
gopkg.in/yaml.v2 v2.0.0/go.mod h1:JAlM8MvJe8wmxCU4Bli9HhUf9+ttbYbLASfIpnQbh74=
